
Microsoft Visual Studio Solution File, Format Version 12.00
# Visual Studio 15
VisualStudioVersion = 15.0.28010.2016
MinimumVisualStudioVersion = 10.0.40219.1
Project("{FAE04EC0-301F-11D3-BF4B-00C04F79EFBC}") = "MarsRoverResearchTool", "MarsRoverResearchTool\MarsRoverResearchTool.csproj", "{90792634-AF43-495A-AA4E-687E45C73E72}"
EndProject
Global
	GlobalSection(SolutionConfigurationPlatforms) = preSolution
		Debug|Any CPU = Debug|Any CPU
		Release|Any CPU = Release|Any CPU
	EndGlobalSection
	GlobalSection(ProjectConfigurationPlatforms) = postSolution
		{90792634-AF43-495A-AA4E-687E45C73E72}.Debug|Any CPU.ActiveCfg = Debug|Any CPU
		{90792634-AF43-495A-AA4E-687E45C73E72}.Debug|Any CPU.Build.0 = Debug|Any CPU
		{90792634-AF43-495A-AA4E-687E45C73E72}.Release|Any CPU.ActiveCfg = Release|Any CPU
		{90792634-AF43-495A-AA4E-687E45C73E72}.Release|Any CPU.Build.0 = Release|Any CPU
	EndGlobalSection
	GlobalSection(SolutionProperties) = preSolution
		HideSolutionNode = FALSE
	EndGlobalSection
	GlobalSection(ExtensibilityGlobals) = postSolution
		SolutionGuid = {E0B8CDE1-89E1-479D-8D17-CC2E3869B0D0}
	EndGlobalSection
EndGlobal
